# Generated by conda-lock.
# platform: osx-64
# input_hash: 635027865a7a40bf7127aaa5417b91e6b0a5f98246b6b03f6de57c71a8acfb2e
@EXPLICIT
https://conda.anaconda.org/conda-forge/noarch/compiler-rt21_osx-64-21.1.8-h8d5f570_2.conda#2ca2bde7f33a5f7140832515674bf682
https://conda.anaconda.org/conda-forge/osx-64/dav1d-1.2.1-h0dc2134_0.conda#9d88733c715300a39f8ca2e936b7808d
https://conda.anaconda.org/conda-forge/osx-64/eigen-5.0.1-h8a113fb_1.conda#cf8d957471e833ac91cdb47af3c52fc2
https://conda.anaconda.org/conda-forge/osx-64/eigen-abi-5.0.1.80-h969a130_1.conda#ea4b57692c4afa3028a6165b46bdada6
https://conda.anaconda.org/conda-forge/noarch/font-ttf-dejavu-sans-mono-2.37-hab24e00_0.tar.bz2#0c96522c6bdaed4b1566d11387caaf45
https://conda.anaconda.org/conda-forge/noarch/font-ttf-inconsolata-3.000-h77eed37_0.tar.bz2#34893075a5c9e55cdafac56607368fc6
https://conda.anaconda.org/conda-forge/noarch/font-ttf-source-code-pro-2.038-h77eed37_0.tar.bz2#4d59c254e01d9cde7957100457e2d5fb
https://conda.anaconda.org/conda-forge/noarch/font-ttf-ubuntu-0.83-h77eed37_3.conda#49023d73832ef61042f6a237cb2687e7
https://conda.anaconda.org/conda-forge/osx-64/lame-3.100-hb7f2c08_1003.tar.bz2#3342b33c9a0921b22b767ed68ee25861
https://conda.anaconda.org/conda-forge/noarch/python_abi-3.10-9_cp310.conda#3bb52811c66f1f07377537cc82ccb093
https://conda.anaconda.org/conda-forge/noarch/tzdata-2026c-h151e31d_0.conda#fcb489df604d100968b737f2cb6076c6
https://conda.anaconda.org/conda-forge/osx-64/x264-1!164.3095-h775f41a_2.tar.bz2#23e9c3180e2c0f9449bb042914ec2200
https://conda.anaconda.org/conda-forge/osx-64/bzip2-1.0.8-h374f1ed_10.conda#9d9a39212a876e4bb751c1cc3927b678
https://conda.anaconda.org/conda-forge/osx-64/c-ares-1.34.8-had63097_2.conda#925ff9ab74f4b9262a28842766e9e7b1
https://conda.anaconda.org/conda-forge/noarch/ca-certificates-2026.7.22-hbd8a1cb_0.conda#0f51e2391ade309db462a55611263e9c
https://conda.anaconda.org/conda-forge/osx-64/compiler-rt21-21.1.8-h8c1e6b9_2.conda#f5c49fb09d03f6b142ad7b6927bbb20e
https://conda.anaconda.org/conda-forge/noarch/compiler-rt_osx-64-21.1.8-h694c41f_2.conda#21851e90f66ab111ca2b15cc7adcaab4
https://conda.anaconda.org/conda-forge/noarch/fonts-conda-forge-1-hc364b38_1.conda#a7970cd949a077b7cb9696379d338681
https://conda.anaconda.org/conda-forge/osx-64/fribidi-1.0.16-ha1e9b39_1.conda#8b0e1e34f1e4c15ab787130ba8dd857f
https://conda.anaconda.org/conda-forge/osx-64/giflib-6.1.3-ha3d0635_1.conda#a1cfd0ecbd1b2a43ef39ad155dd4a778
https://conda.anaconda.org/conda-forge/osx-64/icu-78.3-py313hbf1d544_2.conda#f13f4740c18b562bf2662d494bad6099
https://conda.anaconda.org/conda-forge/osx-64/json-c-0.18-hc62ec3d_0.conda#2c5a3c42de607dda0cfa0edd541fd279
https://conda.anaconda.org/conda-forge/osx-64/libbrotlicommon-1.2.0-he0616a4_3.conda#e2a19c1420acf09fe87adcf9dab3c517
https://conda.anaconda.org/conda-forge/osx-64/libcompiler-rt-21.1.8-h8c1e6b9_2.conda#5dbe869e022b709ec049a081a448eb90
https://conda.anaconda.org/conda-forge/osx-64/libcxx-23.1.0-h19cb2f5_0.conda#925382e3a8a530f862be5be3b3aaf68b
https://conda.anaconda.org/conda-forge/noarch/libcxx-headers-21.1.8-h707e725_3.conda#7daa1a91c6d082f40c55ef41b74692d7
https://conda.anaconda.org/conda-forge/osx-64/libdeflate-1.25-h7ad9622_1.conda#371a45a962d740d8191d46dd225e23df
https://conda.anaconda.org/conda-forge/osx-64/libev-4.33-ha3d0635_3.conda#6d2f0447151b390bdaed846e143272e3
https://conda.anaconda.org/conda-forge/osx-64/libexpat-2.8.1-hcc62823_1.conda#dcfdea7b7013beef0a4d744d776ea38f
https://conda.anaconda.org/conda-forge/osx-64/libffi-3.7.0-h6b3a05b_1.conda#e077b71ae65754eda067e4125364b905
https://conda.anaconda.org/conda-forge/osx-64/libiconv-1.18-h4ae439b_3.conda#9fd2f77288f43e462ccc6b0e5f018c89
https://conda.anaconda.org/conda-forge/osx-64/libjpeg-turbo-3.2.0-ha1e9b39_1.conda#c864512172ac7b820637f6731287936c
https://conda.anaconda.org/conda-forge/osx-64/liblzma-5.8.3-hbb4bfdb_1.conda#daf49067580fbfeae3ac7f9535400494
https://conda.anaconda.org/conda-forge/osx-64/libogg-1.3.5-he3325bb_1.conda#d0f30c7fe90d08e9bd9c13cd60be6400
https://conda.anaconda.org/conda-forge/osx-64/libopus-1.6.1-had63097_1.conda#640888207b191577ba6088fc1b0a4b05
https://conda.anaconda.org/conda-forge/osx-64/libusb-1.0.29-h2287256_0.conda#e5d5fd6235a259665d7652093dc7d6f1
https://conda.anaconda.org/conda-forge/osx-64/libuv-1.52.1-ha3d0635_1.conda#17b0d6c818992264752f1a720be711fc
https://conda.anaconda.org/conda-forge/osx-64/libwebp-base-1.6.0-hb276fe9_1.conda#abc3595bd7aab5df201b76ecef123583
https://conda.anaconda.org/conda-forge/osx-64/libxcrypt-4.4.38-ha3d0635_0.conda#a80b81f7dc801c67edc4e388a9a2a8fb
https://conda.anaconda.org/conda-forge/osx-64/libzlib-1.3.2-hbb4bfdb_3.conda#7d3fa28263bb7f8ea32db11f570a5bb6
https://conda.anaconda.org/conda-forge/osx-64/llvm-openmp-23.1.0-h8c1e6b9_0.conda#b4b0db08caeeaf14d50ee200c9067725
https://conda.anaconda.org/conda-forge/osx-64/lzo-2.10-had63097_1003.conda#1c53aebb62d8f69b594f84ad896fb9e8
https://conda.anaconda.org/conda-forge/osx-64/make-4.4.1-ha1e9b39_3.conda#b24bbc8c9babbbde1baf330e28e0cd51
https://conda.anaconda.org/conda-forge/osx-64/ncurses-6.6-hcc0dc9a_1.conda#88a79390f87c8f3334b9999a892e78d4
https://conda.anaconda.org/conda-forge/osx-64/rav1e-0.7.1-h371c88c_3.conda#30e2344bbe29f60bb535ec0bfff31008
https://conda.anaconda.org/conda-forge/osx-64/rhash-1.4.6-ha1e9b39_2.conda#773d8a5db899e5db9591c49d93ff8300
https://conda.anaconda.org/conda-forge/osx-64/_openmp_mutex-4.5-8_kmp_llvm.conda#b9e2e7fcf1926cedbdb216a6974d67e3
https://conda.anaconda.org/conda-forge/osx-64/aom-3.9.1-hf036a51_0.conda#3f17bc32cb7fcb2b4bf3d8d37f656eb8
https://conda.anaconda.org/conda-forge/osx-64/compiler-rt-21.1.8-h694c41f_2.conda#baeaff063c802078b3d1120b1185fd82
https://conda.anaconda.org/conda-forge/osx-64/fast_float-8.1.0-hcb651aa_0.conda#142ed454e79043ea299c58cf7d6d5d3c
https://conda.anaconda.org/conda-forge/noarch/fonts-conda-ecosystem-1-0.tar.bz2#fee5683a3f04bd15cbd8318b096a27ab
https://conda.anaconda.org/conda-forge/osx-64/geos-3.14.1-h7be219e_0.conda#ca53ec205b826a344bd44399d008760e
https://conda.anaconda.org/conda-forge/osx-64/gflags-2.3.1-h2fb4741_0.conda#2b09109c8d0b206e737205f5e6d16de7
https://conda.anaconda.org/conda-forge/osx-64/gmp-6.3.0-h65442b7_3.conda#a02dd7bb48ecd345060a1203337aaa4a
https://conda.anaconda.org/conda-forge/osx-64/graphite2-1.3.15-h2fb4741_1.conda#540c672170d018be5d460cfa784c5326
https://conda.anaconda.org/conda-forge/osx-64/imath-3.2.1-he7f0fdc_0.conda#cf84c6ca1bf9b7c61d9ade666904e00d
https://conda.anaconda.org/conda-forge/osx-64/jasper-4.2.9-h36fbcc0_2.conda#2320fc9efcf6b780b5e13f24fe00c23b
https://conda.anaconda.org/conda-forge/osx-64/laszip-3.4.3-he49afe7_2.tar.bz2#6b5b2b01896eb2ebf4f44f3b09f632d6
https://conda.anaconda.org/conda-forge/osx-64/lerc-4.2.0-h35c7297_0.conda#09e24eb1868a9ffc04130730e7a34a59
https://conda.anaconda.org/conda-forge/osx-64/libabseil-20250512.1-cxx17_hfc00f1c_0.conda#ddf1acaed2276c7eb9d3c76b49699a11
https://conda.anaconda.org/conda-forge/osx-64/libaec-1.1.5-he7c3a48_0.conda#975f98248cde8d54884c6d1eb5184e13
https://conda.anaconda.org/conda-forge/osx-64/libasprintf-0.25.1-h3184127_1.conda#37398594a1ede86a90c0afac95e1ffea
https://conda.anaconda.org/conda-forge/osx-64/libbrotlidec-1.2.0-h4a2f56c_3.conda#8dd5a1c28e1a127ad37cef542a437fb0
https://conda.anaconda.org/conda-forge/osx-64/libbrotlienc-1.2.0-h3d41943_3.conda#d5b74e02c1f8d37b0078a2aff30bbeec
https://conda.anaconda.org/conda-forge/osx-64/libcxx-devel-21.1.8-h7c275be_3.conda#390be8c770b530a4e66f56bd25eeec4d
https://conda.anaconda.org/conda-forge/osx-64/libedit-3.1.20250104-pl5321hba2e2ab_1.conda#17532a8cca2c887fa24fbdcd5336c3af
https://conda.anaconda.org/conda-forge/osx-64/libhwy-1.4.0-ha8ee8a1_1.conda#e02aac9972c5a371318d05f0327b314e
https://conda.anaconda.org/conda-forge/osx-64/libintl-0.25.1-h3184127_1.conda#a8e54eefc65645193c46e8b180f62d22
https://conda.anaconda.org/conda-forge/osx-64/libpng-1.6.58-h4382c61_1.conda#b6dffe1cdca2c15b07e359e54207d08b
https://conda.anaconda.org/conda-forge/osx-64/libpsl-0.23.1-h7ff43d8_1.conda#4cd9cae1ac1aa63d8f760fe127b42685
https://conda.anaconda.org/conda-forge/osx-64/libsqlite-3.53.4-ha5db789_1.conda#254c302876eacc77a4682b3fa6f72385
https://conda.anaconda.org/conda-forge/osx-64/libvorbis-1.3.7-ha059160_2.conda#8eadf13aee55e59089edaf2acaaaf4f7
https://conda.anaconda.org/conda-forge/osx-64/libvpx-1.14.1-hf036a51_0.conda#9b8744a702ffb1738191e094e6eb67dc
https://conda.anaconda.org/conda-forge/osx-64/libvulkan-loader-1.4.357.0-h66869c8_2.conda#c49ac90c36cee077bb692f46c43c4818
https://conda.anaconda.org/conda-forge/osx-64/libxml2-16-2.15.3-h7a90416_1.conda#0514c28a6085f32e7b4ef43f9398a447
https://conda.anaconda.org/conda-forge/osx-64/lz4-c-1.10.0-hc569e58_2.conda#40a2f8f02e39f9ca56006f35510627f4
https://conda.anaconda.org/anaconda/osx-64/metis-5.1.0-h0a44026_4.tar.bz2#efdf550758e09e6771f2c2f8cd4806d2
https://conda.anaconda.org/conda-forge/osx-64/muparser-2.3.5-ha9ef990_1.conda#25b45e0e639226d43f4ea8acb5c5a532
https://conda.anaconda.org/conda-forge/osx-64/ninja-1.13.2-hebe015c_1.conda#27f01468ccd33fe598256baa0cd59e12
https://conda.anaconda.org/conda-forge/osx-64/opencl-headers-2025.06.13-hcc62823_0.conda#320ddb3e718d6fa21fc64f524aadc46d
https://conda.anaconda.org/conda-forge/osx-64/openh264-2.6.0-h29fea0d_2.conda#8cfabc526fd86d13578f69634cc51d78
https://conda.anaconda.org/conda-forge/osx-64/openssl-3.6.4-h332eb6d_0.conda#7a1b628e987d25df3ac6986d45bb0979
https://conda.anaconda.org/conda-forge/osx-64/pcre2-10.47-h31793e3_1.conda#81cf2094fa0fe0350f92921f6feab289
https://conda.anaconda.org/conda-forge/osx-64/pixman-0.46.4-h2fb4741_3.conda#90abdf0a23ec21e68e965e9a1389d7e7
https://conda.anaconda.org/conda-forge/osx-64/pugixml-1.15-h46091d4_0.conda#7a1ad34efe728093c36a76afeaf30586
https://conda.anaconda.org/conda-forge/osx-64/readline-8.3-h000c2f7_1.conda#434eb49340f57827ef7ca3bb21f77c32
https://conda.anaconda.org/conda-forge/osx-64/snappy-1.2.2-h01f5ddf_1.conda#2e993292ec18af5cd480932d448598cf
https://conda.anaconda.org/conda-forge/osx-64/svt-av1-3.1.2-h21dd04a_0.conda#c11ebe332911d9642f0678da49bedf44
https://conda.anaconda.org/conda-forge/osx-64/tapi-1600.0.11.8-h44950e2_3.conda#9b80c76b01a3a3a78d188d5055ad47a4
https://conda.anaconda.org/conda-forge/osx-64/tk-8.6.13-ha6c374e_4.conda#71c9f1f0267f2639523e898c6b50a4dc
https://conda.anaconda.org/conda-forge/osx-64/uriparser-0.9.8-h6aefe2f_0.conda#649890a63cc818b24fbbf0572db221a5
https://conda.anaconda.org/conda-forge/osx-64/x265-3.5-hbb4e6a2_3.tar.bz2#a3bf3e95b7795871a6734a784400fcea
https://conda.anaconda.org/conda-forge/osx-64/xerces-c-3.3.0-h32b985b_2.conda#acc7e6e011918568a7316233ac292639
https://conda.anaconda.org/conda-forge/osx-64/zlib-1.3.2-hbb4bfdb_3.conda#c67ad1f1d33a7de2dd34e55c01a21eca
https://conda.anaconda.org/conda-forge/osx-64/zstd-1.5.7-hbc1a06c_7.conda#c1d11f04327e40537ffe6cad5b131019
https://conda.anaconda.org/conda-forge/osx-64/blosc-1.21.6-hd145fbb_1.conda#717852102c68a082992ce13a53403f9d
https://conda.anaconda.org/conda-forge/osx-64/glog-0.7.1-h90d9b41_1.conda#18b5548f81de9790deb92f1523a2ae4a
https://conda.anaconda.org/conda-forge/osx-64/krb5-1.22.2-h69064fd_2.conda#da54bd0f3b96eb0d7663b3db01862a19
https://conda.anaconda.org/conda-forge/osx-64/libavif16-1.3.0-h1c10324_2.conda#7a3989f64b2781aaf6f5ca26b88afbba
https://conda.anaconda.org/conda-forge/osx-64/libfreetype6-2.14.3-h8afe040_2.conda#cb777bcdd21bcfcfdaf76ebe1e1e0488
https://conda.anaconda.org/conda-forge/osx-64/libgcc-16.2.0-h13771c8_4.conda#fb1dd570751271b86cb17aee0bc39c48
https://conda.anaconda.org/conda-forge/osx-64/libgettextpo-0.25.1-h3184127_1.conda#711bff88af3b00283f7d8f32aff82e6a
https://conda.anaconda.org/conda-forge/osx-64/libglib-2.88.3-hf4b7cfa_2.conda#544c600f63382f6f424e5c44b384bd4b
https://conda.anaconda.org/conda-forge/osx-64/libjxl-0.12.0-h5564675_2.conda#d359d24c984a6bb12bbcc54fc117b104
https://conda.anaconda.org/conda-forge/osx-64/libkml-1.3.0-h72464b1_1023.conda#83103d49cefa1d365c4a67bcf6ab1831
https://conda.anaconda.org/conda-forge/osx-64/libnghttp2-1.68.1-h1e30255_1.conda#b7c605bed8006cdeb822dd7de6ac87c7
https://conda.anaconda.org/conda-forge/osx-64/libprotobuf-6.31.1-h774df25_5.conda#3a67e77f5eedfbd8aac22941685c3807
https://conda.anaconda.org/conda-forge/osx-64/librttopo-1.1.0-h16cd5d8_20.conda#32837d365266ad66fcf849b7a92fb5fa
https://conda.anaconda.org/conda-forge/osx-64/libsigtool-0.1.3-h8c25ef7_1.conda#acc366a7706c83b5364f5f81e1b4857b
https://conda.anaconda.org/conda-forge/osx-64/libssh2-1.11.1-hd53bb72_1.conda#cb57b979974ef5b8a4526a8e5c8195b9
https://conda.anaconda.org/conda-forge/osx-64/libtiff-4.7.2-h01c3a8c_1.conda#ee440bf7977466b7661370804a9a26dc
https://conda.anaconda.org/conda-forge/osx-64/libxml2-2.15.3-h953d39d_1.conda#76a9680db40bf124688951cf08d82105
https://conda.anaconda.org/conda-forge/osx-64/minizip-4.2.2-h74bbaef_1.conda#0a39430b7f3a0cb0aa829d1a5a475fb4
https://conda.anaconda.org/conda-forge/osx-64/mpfr-4.2.2-ha50206a_1.conda#2802f4931f5e087cc2b5b7e443acb121
https://conda.anaconda.org/conda-forge/osx-64/openexr-3.3.5-h9ab73be_1.conda#0520bea3bed7dd40c1c9dbc2267a98c7
https://conda.anaconda.org/conda-forge/osx-64/python-3.10.21-hea035f4_0_cpython.conda#f97b88f1e696e83b9a649d690e098dc0
https://conda.anaconda.org/conda-forge/osx-64/sqlite-3.53.4-hdea7a7b_1.conda#9df7defaa7ca556b72dfe386417c5829
https://conda.anaconda.org/conda-forge/osx-64/dbus-1.16.2-hebb0a2c_2.conda#bff2fc7ea2a7d14bd37071dcdc8c5e10
https://conda.anaconda.org/conda-forge/osx-64/freexl-2.0.0-h4c17ba0_3.conda#27b9e63c9156beda5121af66e44ea840
https://conda.anaconda.org/conda-forge/osx-64/gdk-pixbuf-2.44.8-ha3e70bd_1.conda#9191415f68d088690adab097a3d30841
https://conda.anaconda.org/conda-forge/osx-64/libarchive-3.8.9-gpl_h381e297_101.conda#4aeb7700584b83a378088973e942b014
https://conda.anaconda.org/conda-forge/osx-64/libcurl-8.22.0-h5318221_0.conda#0ba721f8549bac02c48fc646fffe0c4d
https://conda.anaconda.org/conda-forge/osx-64/libfreetype-2.14.3-h694c41f_2.conda#d2538644f6f7f8b9ce10bdffaa7d3d17
https://conda.anaconda.org/conda-forge/osx-64/libgfortran5-16.2.0-h2539e6c_4.conda#eaabc48679544820bef810523a703bf0
https://conda.anaconda.org/conda-forge/osx-64/libhwloc-2.13.0-default_h4e3125e_1000.conda#c74c64d67f55426bc24d333a84aed0e3
https://conda.anaconda.org/conda-forge/osx-64/libllvm21-21.1.8-hd11396f_1.conda#b947d905af2472de8c587a5c99d8a17a
https://conda.anaconda.org/conda-forge/osx-64/libllvm23-23.1.0-hd11396f_0.conda#163a2d14cbba66cb9bc9c4166da49471
https://conda.anaconda.org/conda-forge/osx-64/libxml2-devel-2.15.3-h953d39d_1.conda#8319a04dd48c6905f376796d4c255aef
https://conda.anaconda.org/conda-forge/noarch/packaging-26.3-pyhc364b38_0.conda#936687ed80f295a1f5dbcf8bd34c252c
https://conda.anaconda.org/conda-forge/noarch/setuptools-84.0.0-pyh332efcf_0.conda#62ac906f1cd582c6c264c95625cb9d6f
https://conda.anaconda.org/conda-forge/osx-64/sigtool-codesign-0.1.3-h8c25ef7_1.conda#e7eb95a1f841fbbb8312dcd65963334f
https://conda.anaconda.org/conda-forge/osx-64/cmake-3.31.8-h29fc008_0.conda#715f84ec3b115f0d6a9858f33a5e595d
https://conda.anaconda.org/conda-forge/osx-64/fontconfig-2.18.3-h7f3b9c9_1.conda#beb62955ee805eff50e364f86ca2ee5c
https://conda.anaconda.org/conda-forge/osx-64/freetype-2.14.3-h694c41f_2.conda#570430c9aa9a903221d33e393dd21059
https://conda.anaconda.org/conda-forge/osx-64/ld64_osx-64-956.6-llvm21_1_hb373d2a_6.conda#6f153cd18155d7c1d71a01b250b8c2d1
https://conda.anaconda.org/conda-forge/osx-64/libclang-cpp21.1-21.1.8-default_h0a1f3f9_6.conda#84855bac76cb55bdc72e8fe4a9ce008d
https://conda.anaconda.org/conda-forge/osx-64/libclang-cpp23.1-23.1.0-default_h6e863b9_1.conda#ebd846b462b7db53c9eda061fc7a92a8
https://conda.anaconda.org/conda-forge/osx-64/libgfortran-16.2.0-h7e5c614_4.conda#ca9281db8c52184ade04b615b2f3959d
https://conda.anaconda.org/conda-forge/osx-64/llvm-tools-21-21.1.8-h36529c3_1.conda#428d5d0dde69e631b8e6263fc292ecda
https://conda.anaconda.org/conda-forge/osx-64/proj-9.8.1-h856bcef_1.conda#9c273345623bdbc8c2acb6213d4b3b32
https://conda.anaconda.org/conda-forge/osx-64/sdl3-3.4.14-hf9078ff_0.conda#4cec5d03a31b2b08e5b2f0f01a0fca0b
https://conda.anaconda.org/conda-forge/osx-64/tbb-2023.0.0-he3dc2fa_2.conda#2867ad6f19cadc54675abd00a19d0268
https://conda.anaconda.org/conda-forge/noarch/wheel-0.48.0-pyhd8ed1ab_0.conda#9a2124517bfd5d792e0f7b86eefdfeb8
https://conda.anaconda.org/conda-forge/osx-64/cairo-1.18.4-h5791faa_3.conda#306d99f3af8d285aa22baddba39bca2e
https://conda.anaconda.org/conda-forge/osx-64/clang-21-21.1.8-default_h0a1f3f9_6.conda#4a5d91e8c3231198da749d5b8fbc82d0
https://conda.anaconda.org/conda-forge/osx-64/hdf5-1.14.6-nompi_h13accda_110.conda#8fa7c7e9a3c1b57a37bc03f0183aaf17
https://conda.anaconda.org/conda-forge/osx-64/ld64-956.6-llvm21_1_h2eed689_6.conda#9444d5013b746c23136d9f83dada6b33
https://conda.anaconda.org/conda-forge/osx-64/libclang13-23.1.0-default_h74d5376_1.conda#d1d72034d4b72af97e9cb40c0f0292b7
https://conda.anaconda.org/conda-forge/osx-64/libopenblas-0.3.34-openmp_h9e49c7b_1.conda#9e42187e1ac1aad854d2ab5bf79ef972
https://conda.anaconda.org/conda-forge/osx-64/libopenvino-2025.2.0-h346e020_1.conda#0e6b6a6c7640260ae38c963d16719bac
https://conda.anaconda.org/conda-forge/osx-64/libspatialite-5.1.0-gpl_h77f1de8_120.conda#c5e0d836e5d9876c71aa684deea48814
https://conda.anaconda.org/conda-forge/osx-64/libsuitesparseconfig-7.10.1-h00e5f87_7100102.conda#4e691bd0752ac878005edf5042301e12
https://conda.anaconda.org/conda-forge/osx-64/llvm-tools-21.1.8-h8c1e6b9_1.conda#8da3c07afce64d53522bc61190f9cf9a
https://conda.anaconda.org/conda-forge/noarch/pip-26.2.1-pyh8b19718_0.conda#77b6cf3b0689d9fc68561df0db9b856d
https://conda.anaconda.org/conda-forge/osx-64/sdl2-2.32.56-h2fb4741_0.conda#1986c166d7888162b30cbe2f81c2f75c
https://conda.anaconda.org/conda-forge/osx-64/cctools_impl_osx-64-1030.6.3-llvm21_1_hd9d6719_6.conda#96d18058f12b0335e1754a5242675029
https://conda.anaconda.org/conda-forge/osx-64/clang-scan-deps-21.1.8-default_h0a1f3f9_6.conda#c731842720fa8b40764105c2e1f90e82
https://conda.anaconda.org/conda-forge/osx-64/libamd-3.3.3-ha5840a7_7100102.conda#a15b2606a1d160c4afdd7c79f3a31aba
https://conda.anaconda.org/conda-forge/osx-64/libblas-3.11.0-10_he492b99_openblas.conda#e262d5db3ac41eacf95326fa51b94457
https://conda.anaconda.org/conda-forge/osx-64/libbtf-2.3.2-hca54c18_7100102.conda#3cf461bd5dfc4873e412470542223982
https://conda.anaconda.org/conda-forge/osx-64/libcamd-3.3.3-hca54c18_7100102.conda#c41a13a3c07cf0352b29fa527d395a61
https://conda.anaconda.org/conda-forge/osx-64/libccolamd-3.3.4-hca54c18_7100102.conda#1d611b8747483389ff49a1efe5ec574d
https://conda.anaconda.org/conda-forge/osx-64/libcolamd-3.3.4-hca54c18_7100102.conda#18483b40f7a10a34b93000cf2c284f39
https://conda.anaconda.org/conda-forge/osx-64/libcxsparse-4.4.1-h3868ee3_7100102.conda#acfddd738ba2d4e19738434f13800842
https://conda.anaconda.org/conda-forge/osx-64/libgdal-core-3.13.3-h310b87c_1.conda#f682f2f65bf75f83b0151b3527fa85a8
https://conda.anaconda.org/conda-forge/osx-64/libharfbuzz-14.4.0-h2974713_0.conda#276380117ed76d2f3859a51f0bf23b77
https://conda.anaconda.org/conda-forge/osx-64/libldl-3.3.2-hca54c18_7100102.conda#90689cbc7ab20337bcafca3ce434f793
https://conda.anaconda.org/conda-forge/osx-64/libopenvino-auto-batch-plugin-2025.2.0-heda8b29_1.conda#5ce82393e4b6d012250f79ad4f853867
https://conda.anaconda.org/conda-forge/osx-64/libopenvino-auto-plugin-2025.2.0-heda8b29_1.conda#950fd5d5e34f2845f63eebf96c761d4c
https://conda.anaconda.org/conda-forge/osx-64/libopenvino-hetero-plugin-2025.2.0-hd57c75b_1.conda#554269b84c8a8c945056fd7d3ff28a67
https://conda.anaconda.org/conda-forge/osx-64/libopenvino-intel-cpu-plugin-2025.2.0-h346e020_1.conda#bbaf847551103a59236544c674886b6d
https://conda.anaconda.org/conda-forge/osx-64/libopenvino-ir-frontend-2025.2.0-hd57c75b_1.conda#47e5f6af801546ebf4658f00be37ff60
https://conda.anaconda.org/conda-forge/osx-64/libopenvino-onnx-frontend-2025.2.0-ha4fb624_1.conda#7562969356f607c1899079b8c617f1d0
https://conda.anaconda.org/conda-forge/osx-64/libopenvino-paddle-frontend-2025.2.0-ha4fb624_1.conda#6d7ffc6166d1347d0c35b04dd04b9bf6
https://conda.anaconda.org/conda-forge/osx-64/libopenvino-pytorch-frontend-2025.2.0-hbc7d668_1.conda#186bf8821732296cc1de55cfebf76446
https://conda.anaconda.org/conda-forge/osx-64/libopenvino-tensorflow-frontend-2025.2.0-hd87add6_1.conda#e4f76aeb995f50f7a1a533affd6c12a4
https://conda.anaconda.org/conda-forge/osx-64/libopenvino-tensorflow-lite-frontend-2025.2.0-hbc7d668_1.conda#b04dfe98f9fa74ffa9f385cf57c4c455
https://conda.anaconda.org/conda-forge/osx-64/librbio-4.3.4-hca54c18_7100102.conda#8cbd3b4e3aae3590f87352fb7f947a6d
https://conda.anaconda.org/conda-forge/osx-64/openblas-0.3.34-openmp_h30af337_1.conda#95e81a9a1d0b24b1667e251dd7b3f301
https://conda.anaconda.org/conda-forge/osx-64/cctools-1030.6.3-llvm21_1_he201b2c_6.conda#e1b6cb9193cf93945865b9d4cbd107fc
https://conda.anaconda.org/conda-forge/osx-64/clang_impl_osx-64-21.1.8-default_ha1a018a_6.conda#3ab6196fe9cc75e1595e60371701b708
https://conda.anaconda.org/conda-forge/osx-64/libcblas-3.11.0-10_h9b27e0a_openblas.conda#3eae438848f4316bc35e0e39514eeb2f
https://conda.anaconda.org/conda-forge/osx-64/libharfbuzz-devel-14.4.0-h2974713_0.conda#d31d380a350b79be70a4d1aba849272e
https://conda.anaconda.org/conda-forge/osx-64/liblapack-3.11.0-10_h859234e_openblas.conda#a0cbfe16d55b6d3f1fb2758729cafec0
https://conda.anaconda.org/conda-forge/osx-64/libspex-3.2.3-hc5c4b0d_7100102.conda#e89ed2a1b8c7d5101049ea041e30763b
https://conda.anaconda.org/conda-forge/osx-64/pango-1.58.2-hf280016_0.conda#2842f3245a734ae843476418f07aa1aa
https://conda.anaconda.org/conda-forge/osx-64/clang-21.1.8-default_cfg_he3ef750_6.conda#9c81ef549b07847bf5215341ed5769cf
https://conda.anaconda.org/conda-forge/osx-64/clangxx_impl_osx-64-21.1.8-default_ha1a018a_6.conda#26765cf58312caac1f3a9bd16fd4631d
https://conda.anaconda.org/conda-forge/osx-64/harfbuzz-14.4.0-h694c41f_0.conda#dec90192606635283ce3f0d8e47b27f2
https://conda.anaconda.org/conda-forge/osx-64/libcholmod-5.3.1-h7ea7d7c_7100102.conda#fec9cd11025ca7b0c7a58f4d88036ba8
https://conda.anaconda.org/conda-forge/osx-64/liblapacke-3.11.0-10_h94b3770_openblas.conda#63a3b90cdc2a13d6076164ee793fbba2
https://conda.anaconda.org/conda-forge/osx-64/numpy-2.2.6-py310h07c5b4d_0.conda#d79253493dcc76b95221588b98e1eb3c
https://conda.anaconda.org/conda-forge/osx-64/clangxx-21.1.8-default_cfg_he3ef750_6.conda#c0296fa5fb0e0c00a7bd7d44696d52be
https://conda.anaconda.org/conda-forge/osx-64/gdal-3.13.3-np2py310hb96333a_1.conda#e46cfed149960c26527677d25a8c7293
https://conda.anaconda.org/conda-forge/osx-64/libass-0.17.4-h87c4fc2_0.conda#3db36f8bfe00ab9cda1e72cd59fdd415
https://conda.anaconda.org/conda-forge/osx-64/libklu-2.3.5-hc7f8671_7100102.conda#f8f2969a094871051542a39670de0081
https://conda.anaconda.org/conda-forge/osx-64/librsvg-2.62.3-h7321050_0.conda#2d5f6b880486d5058c7eab0db04b1bc9
https://conda.anaconda.org/conda-forge/osx-64/libspqr-4.3.4-h795628b_7100102.conda#e8f29a760db892904186a4254050cdcf
https://conda.anaconda.org/conda-forge/osx-64/libumfpack-6.3.5-h0658b90_7100102.conda#5bbb030bebe81147dc7a0bfa1f821cdc
https://conda.anaconda.org/conda-forge/osx-64/cxx-compiler-2.0.0-h94bea0c_0.conda#b0ff17d7d1909900ffb7d00fb6db3510
https://conda.anaconda.org/conda-forge/osx-64/ffmpeg-7.1.1-gpl_h5f853a7_111.conda#5dc092becb1884b3a9092728204a1605
https://conda.anaconda.org/conda-forge/osx-64/libparu-1.0.0-hf1a04d7_7100102.conda#879ff76875e7dceef61b38aea3ede3a6
https://conda.anaconda.org/conda-forge/osx-64/libopencv-4.12.0-headless_py310hfb5ac90_2.conda#a1332da1a4a3c2fa1366efdda9b782cf
https://conda.anaconda.org/conda-forge/osx-64/suitesparse-7.10.1-h033788e_7100102.conda#1578e907091a780fc34c99e2a1ecb453
https://conda.anaconda.org/conda-forge/osx-64/ceres-solver-2.2.0-cpugplhedb5a68_211.conda#72f1995b8d04f5962eba946c004fa48a
https://conda.anaconda.org/conda-forge/osx-64/py-opencv-4.12.0-headless_py310h382d7a0_2.conda#4c4bb42bea7ea330da4277b081d1821e
